
Microsoft Visual Studio Solution File, Format Version 12.00
# Visual Studio Version 17
VisualStudioVersion = 17.13.35913.81 d17.13
MinimumVisualStudioVersion = 10.0.40219.1
Project("{FAE04EC0-301F-11D3-BF4B-00C04F79EFBC}") = "TicketsServices", "TicketsServices\TicketsServices.csproj", "{46318341-7A78-4815-9F85-AB8991D8E9FD}"
EndProject
Project("{FAE04EC0-301F-11D3-BF4B-00C04F79EFBC}") = "DataAccess", "DataAccess\DataAccess.csproj", "{136ACC6F-FB08-48C7-87D2-2513F0BA4BCC}"
EndProject
Project("{FAE04EC0-301F-11D3-BF4B-00C04F79EFBC}") = "BusinessLogicLayer", "BusinessLogicLayer\BusinessLogicLayer.csproj", "{62550B33-B7D7-4800-89EC-A0FD4369C0C1}"
EndProject
Project("{FAE04EC0-301F-11D3-BF4B-00C04F79EFBC}") = "Entities", "Entities\Entities.csproj", "{4759A41B-F72D-4D65-8A20-A412E24BABEB}"
EndProject
Project("{FAE04EC0-301F-11D3-BF4B-00C04F79EFBC}") = "Framework", "Framework\Framework.csproj", "{AA64D5AC-4B92-423A-A523-2516F6071DF2}"
EndProject
Global
	GlobalSection(SolutionConfigurationPlatforms) = preSolution
		Debug|Any CPU = Debug|Any CPU
		Release|Any CPU = Release|Any CPU
	EndGlobalSection
	GlobalSection(ProjectConfigurationPlatforms) = postSolution
		{46318341-7A78-4815-9F85-AB8991D8E9FD}.Debug|Any CPU.ActiveCfg = Debug|Any CPU
		{46318341-7A78-4815-9F85-AB8991D8E9FD}.Debug|Any CPU.Build.0 = Debug|Any CPU
		{46318341-7A78-4815-9F85-AB8991D8E9FD}.Release|Any CPU.ActiveCfg = Release|Any CPU
		{46318341-7A78-4815-9F85-AB8991D8E9FD}.Release|Any CPU.Build.0 = Release|Any CPU
		{136ACC6F-FB08-48C7-87D2-2513F0BA4BCC}.Debug|Any CPU.ActiveCfg = Debug|Any CPU
		{136ACC6F-FB08-48C7-87D2-2513F0BA4BCC}.Debug|Any CPU.Build.0 = Debug|Any CPU
		{136ACC6F-FB08-48C7-87D2-2513F0BA4BCC}.Release|Any CPU.ActiveCfg = Release|Any CPU
		{136ACC6F-FB08-48C7-87D2-2513F0BA4BCC}.Release|Any CPU.Build.0 = Release|Any CPU
		{62550B33-B7D7-4800-89EC-A0FD4369C0C1}.Debug|Any CPU.ActiveCfg = Debug|Any CPU
		{62550B33-B7D7-4800-89EC-A0FD4369C0C1}.Debug|Any CPU.Build.0 = Debug|Any CPU
		{62550B33-B7D7-4800-89EC-A0FD4369C0C1}.Release|Any CPU.ActiveCfg = Release|Any CPU
		{62550B33-B7D7-4800-89EC-A0FD4369C0C1}.Release|Any CPU.Build.0 = Release|Any CPU
		{4759A41B-F72D-4D65-8A20-A412E24BABEB}.Debug|Any CPU.ActiveCfg = Debug|Any CPU
		{4759A41B-F72D-4D65-8A20-A412E24BABEB}.Debug|Any CPU.Build.0 = Debug|Any CPU
		{4759A41B-F72D-4D65-8A20-A412E24BABEB}.Release|Any CPU.ActiveCfg = Release|Any CPU
		{4759A41B-F72D-4D65-8A20-A412E24BABEB}.Release|Any CPU.Build.0 = Release|Any CPU
		{AA64D5AC-4B92-423A-A523-2516F6071DF2}.Debug|Any CPU.ActiveCfg = Debug|Any CPU
		{AA64D5AC-4B92-423A-A523-2516F6071DF2}.Debug|Any CPU.Build.0 = Debug|Any CPU
		{AA64D5AC-4B92-423A-A523-2516F6071DF2}.Release|Any CPU.ActiveCfg = Release|Any CPU
		{AA64D5AC-4B92-423A-A523-2516F6071DF2}.Release|Any CPU.Build.0 = Release|Any CPU
	EndGlobalSection
	GlobalSection(SolutionProperties) = preSolution
		HideSolutionNode = FALSE
	EndGlobalSection
	GlobalSection(ExtensibilityGlobals) = postSolution
		SolutionGuid = {615893F5-CFE6-4AB3-A7E4-4FE7BE685005}
	EndGlobalSection
EndGlobal
